PODS:
  - SearchTextField (1.2.0)
  - UIView+Shake (1.4.0)

DEPENDENCIES:
  - SearchTextField
  - UIView+Shake

SPEC CHECKSUMS:
  SearchTextField: a5bb7e4c33affadb115afdbe8100d84ef10a8024
  UIView+Shake: 055ad67721de1f74d29c0a1d464697e505dfc62f

PODFILE CHECKSUM: c3496490851e999de6f69d133ad044f8efcd89a0

COCOAPODS: 1.3.1
