// !$*UTF8*$!
{
	archiveVersion = 1;
	classes = {
	};
	objectVersion = 48;
	objects = {

/* Begin PBXBuildFile section */
		10E86BECBCD02BA69BB0A4D8 /* Pods_find_love.framework in Frameworks */ = {isa = PBXBuildFile; fileRef = 6A340B95D34C307AD6A53C92 /* Pods_find_love.framework */; };
		8955E8001FC30EDE008AC8CA /* FormImagePage.swift in Sources */ = {isa = PBXBuildFile; fileRef = 8955E7FF1FC30EDE008AC8CA /* FormImagePage.swift */; };
		89629E631FC613A4001B172C /* NewFormPresenter.swift in Sources */ = {isa = PBXBuildFile; fileRef = 89629E621FC613A4001B172C /* NewFormPresenter.swift */; };
		89629E651FC616DD001B172C /* City.swift in Sources */ = {isa = PBXBuildFile; fileRef = 89629E641FC616DD001B172C /* City.swift */; };
		896C92BE1FC5A8F200F70506 /* LoginPresenter.swift in Sources */ = {isa = PBXBuildFile; fileRef = 896C92BD1FC5A8F200F70506 /* LoginPresenter.swift */; };
		896C92C11FC5BDF800F70506 /* RegistrationPresenter.swift in Sources */ = {isa = PBXBuildFile; fileRef = 896C92C01FC5BDF800F70506 /* RegistrationPresenter.swift */; };
		896D623D1FBCC00700E264E3 /* UnderlinedTextField.swift in Sources */ = {isa = PBXBuildFile; fileRef = 896D623C1FBCC00700E264E3 /* UnderlinedTextField.swift */; };
		896D62401FBCC58600E264E3 /* User.swift in Sources */ = {isa = PBXBuildFile; fileRef = 896D623F1FBCC58600E264E3 /* User.swift */; };
		896D62421FBCD78B00E264E3 /* RulesViewController.swift in Sources */ = {isa = PBXBuildFile; fileRef = 896D62411FBCD78B00E264E3 /* RulesViewController.swift */; };
		8995D9781FBB7CE80015EF61 /* AppDelegate.swift in Sources */ = {isa = PBXBuildFile; fileRef = 8995D9771FBB7CE80015EF61 /* AppDelegate.swift */; };
		8995D97A1FBB7CE80015EF61 /* LoginViewController.swift in Sources */ = {isa = PBXBuildFile; fileRef = 8995D9791FBB7CE80015EF61 /* LoginViewController.swift */; };
		8995D97F1FBB7CE80015EF61 /* Assets.xcassets in Resources */ = {isa = PBXBuildFile; fileRef = 8995D97E1FBB7CE80015EF61 /* Assets.xcassets */; };
		8995D9821FBB7CE80015EF61 /* LaunchScreen.storyboard in Resources */ = {isa = PBXBuildFile; fileRef = 8995D9801FBB7CE80015EF61 /* LaunchScreen.storyboard */; };
		8995D98D1FBB7CE80015EF61 /* find_loveTests.swift in Sources */ = {isa = PBXBuildFile; fileRef = 8995D98C1FBB7CE80015EF61 /* find_loveTests.swift */; };
		8995D9981FBB7CE80015EF61 /* find_loveUITests.swift in Sources */ = {isa = PBXBuildFile; fileRef = 8995D9971FBB7CE80015EF61 /* find_loveUITests.swift */; };
		89A1F34D1FBC56DC002E870E /* ColorExtension.swift in Sources */ = {isa = PBXBuildFile; fileRef = 89A1F34C1FBC56DC002E870E /* ColorExtension.swift */; };
		89A42ECD1FC2D3D600B7C2F4 /* FormListViewController.swift in Sources */ = {isa = PBXBuildFile; fileRef = 89A42ECC1FC2D3D600B7C2F4 /* FormListViewController.swift */; };
		89BFDEAB1FBF08FB003F9601 /* TermsOfUseViewController.swift in Sources */ = {isa = PBXBuildFile; fileRef = 89BFDEAA1FBF08FB003F9601 /* TermsOfUseViewController.swift */; };
		89BFDEAD1FBF23D2003F9601 /* CommonViewController.swift in Sources */ = {isa = PBXBuildFile; fileRef = 89BFDEAC1FBF23D2003F9601 /* CommonViewController.swift */; };
		89DEB8581FC44B7C00A851B4 /* MessagesCollectionView.swift in Sources */ = {isa = PBXBuildFile; fileRef = 89DEB8571FC44B7C00A851B4 /* MessagesCollectionView.swift */; };
		89DEB85A1FC44DF900A851B4 /* MessageCell.swift in Sources */ = {isa = PBXBuildFile; fileRef = 89DEB8591FC44DF900A851B4 /* MessageCell.swift */; };
		89DEB85C1FC44F2A00A851B4 /* MessageLikesViewController.swift in Sources */ = {isa = PBXBuildFile; fileRef = 89DEB85B1FC44F2A00A851B4 /* MessageLikesViewController.swift */; };
		89DEB85F1FC4643D00A851B4 /* LikesCollectionView.swift in Sources */ = {isa = PBXBuildFile; fileRef = 89DEB85E1FC4643D00A851B4 /* LikesCollectionView.swift */; };
		89DEB8611FC4652000A851B4 /* LikeCell.swift in Sources */ = {isa = PBXBuildFile; fileRef = 89DEB8601FC4652000A851B4 /* LikeCell.swift */; };
		89DEC6181FBDB7DA00BA851A /* InstructionViewController.swift in Sources */ = {isa = PBXBuildFile; fileRef = 89DEC6171FBDB7DA00BA851A /* InstructionViewController.swift */; };
		89DEC61A1FBDBFF500BA851A /* NewFormViewController.swift in Sources */ = {isa = PBXBuildFile; fileRef = 89DEC6191FBDBFF500BA851A /* NewFormViewController.swift */; };
		89DEC61C1FBDD8A100BA851A /* SettingsViewController.swift in Sources */ = {isa = PBXBuildFile; fileRef = 89DEC61B1FBDD8A100BA851A /* SettingsViewController.swift */; };
		89E33E421FBF690F00FA9065 /* ProgressLoader.swift in Sources */ = {isa = PBXBuildFile; fileRef = 89E33E411FBF690F00FA9065 /* ProgressLoader.swift */; };
		89F98E3A1FC1AB9D002F9F2E /* ImageEditorController.swift in Sources */ = {isa = PBXBuildFile; fileRef = 89F98E391FC1AB9D002F9F2E /* ImageEditorController.swift */; };
		89F98E3E1FC1B4E0002F9F2E /* StickerCell.swift in Sources */ = {isa = PBXBuildFile; fileRef = 89F98E3D1FC1B4E0002F9F2E /* StickerCell.swift */; };
		89FDB82A1FBC5E9000FD32D3 /* UIExtensions.swift in Sources */ = {isa = PBXBuildFile; fileRef = 89FDB8291FBC5E9000FD32D3 /* UIExtensions.swift */; };
		89FDB82D1FBC6F7600FD32D3 /* RegistrationViewController.swift in Sources */ = {isa = PBXBuildFile; fileRef = 89FDB82C1FBC6F7600FD32D3 /* RegistrationViewController.swift */; };
/* End PBXBuildFile section */

/* Begin PBXContainerItemProxy section */
		8995D9891FBB7CE80015EF61 /* PBXContainerItemProxy */ = {
			isa = PBXContainerItemProxy;
			containerPortal = 8995D96C1FBB7CE80015EF61 /* Project object */;
			proxyType = 1;
			remoteGlobalIDString = 8995D9731FBB7CE80015EF61;
			remoteInfo = find_love;
		};
		8995D9941FBB7CE80015EF61 /* PBXContainerItemProxy */ = {
			isa = PBXContainerItemProxy;
			containerPortal = 8995D96C1FBB7CE80015EF61 /* Project object */;
			proxyType = 1;
			remoteGlobalIDString = 8995D9731FBB7CE80015EF61;
			remoteInfo = find_love;
		};
/* End PBXContainerItemProxy section */

/* Begin PBXFileReference section */
		64EA2A919A5EA48554196C02 /* Pods-find_love.release.xcconfig */ = {isa = PBXFileReference; includeInIndex = 1; lastKnownFileType = text.xcconfig; name = "Pods-find_love.release.xcconfig"; path = "Pods/Target Support Files/Pods-find_love/Pods-find_love.release.xcconfig"; sourceTree = "<group>"; };
		6A340B95D34C307AD6A53C92 /* Pods_find_love.framework */ = {isa = PBXFileReference; explicitFileType = wrapper.framework; includeInIndex = 0; path = Pods_find_love.framework; sourceTree = BUILT_PRODUCTS_DIR; };
		8955E7FF1FC30EDE008AC8CA /* FormImagePage.swift */ = {isa = PBXFileReference; lastKnownFileType = sourcecode.swift; path = FormImagePage.swift; sourceTree = "<group>"; };
		89629E621FC613A4001B172C /* NewFormPresenter.swift */ = {isa = PBXFileReference; lastKnownFileType = sourcecode.swift; path = NewFormPresenter.swift; sourceTree = "<group>"; };
		89629E641FC616DD001B172C /* City.swift */ = {isa = PBXFileReference; lastKnownFileType = sourcecode.swift; path = City.swift; sourceTree = "<group>"; };
		896C92BD1FC5A8F200F70506 /* LoginPresenter.swift */ = {isa = PBXFileReference; lastKnownFileType = sourcecode.swift; path = LoginPresenter.swift; sourceTree = "<group>"; };
		896C92C01FC5BDF800F70506 /* RegistrationPresenter.swift */ = {isa = PBXFileReference; lastKnownFileType = sourcecode.swift; path = RegistrationPresenter.swift; sourceTree = "<group>"; };
		896D623C1FBCC00700E264E3 /* UnderlinedTextField.swift */ = {isa = PBXFileReference; lastKnownFileType = sourcecode.swift; path = UnderlinedTextField.swift; sourceTree = "<group>"; };
		896D623F1FBCC58600E264E3 /* User.swift */ = {isa = PBXFileReference; lastKnownFileType = sourcecode.swift; path = User.swift; sourceTree = "<group>"; };
		896D62411FBCD78B00E264E3 /* RulesViewController.swift */ = {isa = PBXFileReference; lastKnownFileType = sourcecode.swift; path = RulesViewController.swift; sourceTree = "<group>"; };
		8995D9741FBB7CE80015EF61 /* find_love.app */ = {isa = PBXFileReference; explicitFileType = wrapper.application; includeInIndex = 0; path = find_love.app; sourceTree = BUILT_PRODUCTS_DIR; };
		8995D9771FBB7CE80015EF61 /* AppDelegate.swift */ = {isa = PBXFileReference; lastKnownFileType = sourcecode.swift; path = AppDelegate.swift; sourceTree = "<group>"; };
		8995D9791FBB7CE80015EF61 /* LoginViewController.swift */ = {isa = PBXFileReference; lastKnownFileType = sourcecode.swift; path = LoginViewController.swift; sourceTree = "<group>"; };
		8995D97E1FBB7CE80015EF61 /* Assets.xcassets */ = {isa = PBXFileReference; lastKnownFileType = folder.assetcatalog; path = Assets.xcassets; sourceTree = "<group>"; };
		8995D9811FBB7CE80015EF61 /* Base */ = {isa = PBXFileReference; lastKnownFileType = file.storyboard; name = Base; path = Base.lproj/LaunchScreen.storyboard; sourceTree = "<group>"; };
		8995D9831FBB7CE80015EF61 /* Info.plist */ = {isa = PBXFileReference; lastKnownFileType = text.plist.xml; path = Info.plist; sourceTree = "<group>"; };
		8995D9881FBB7CE80015EF61 /* find_loveTests.xctest */ = {isa = PBXFileReference; explicitFileType = wrapper.cfbundle; includeInIndex = 0; path = find_loveTests.xctest; sourceTree = BUILT_PRODUCTS_DIR; };
		8995D98C1FBB7CE80015EF61 /* find_loveTests.swift */ = {isa = PBXFileReference; lastKnownFileType = sourcecode.swift; path = find_loveTests.swift; sourceTree = "<group>"; };
		8995D98E1FBB7CE80015EF61 /* Info.plist */ = {isa = PBXFileReference; lastKnownFileType = text.plist.xml; path = Info.plist; sourceTree = "<group>"; };
		8995D9931FBB7CE80015EF61 /* find_loveUITests.xctest */ = {isa = PBXFileReference; explicitFileType = wrapper.cfbundle; includeInIndex = 0; path = find_loveUITests.xctest; sourceTree = BUILT_PRODUCTS_DIR; };
		8995D9971FBB7CE80015EF61 /* find_loveUITests.swift */ = {isa = PBXFileReference; lastKnownFileType = sourcecode.swift; path = find_loveUITests.swift; sourceTree = "<group>"; };
		8995D9991FBB7CE80015EF61 /* Info.plist */ = {isa = PBXFileReference; lastKnownFileType = text.plist.xml; path = Info.plist; sourceTree = "<group>"; };
		89A1F34C1FBC56DC002E870E /* ColorExtension.swift */ = {isa = PBXFileReference; lastKnownFileType = sourcecode.swift; path = ColorExtension.swift; sourceTree = "<group>"; };
		89A42ECC1FC2D3D600B7C2F4 /* FormListViewController.swift */ = {isa = PBXFileReference; lastKnownFileType = sourcecode.swift; path = FormListViewController.swift; sourceTree = "<group>"; };
		89BFDEAA1FBF08FB003F9601 /* TermsOfUseViewController.swift */ = {isa = PBXFileReference; lastKnownFileType = sourcecode.swift; path = TermsOfUseViewController.swift; sourceTree = "<group>"; };
		89BFDEAC1FBF23D2003F9601 /* CommonViewController.swift */ = {isa = PBXFileReference; lastKnownFileType = sourcecode.swift; path = CommonViewController.swift; sourceTree = "<group>"; };
		89DEB8571FC44B7C00A851B4 /* MessagesCollectionView.swift */ = {isa = PBXFileReference; lastKnownFileType = sourcecode.swift; path = MessagesCollectionView.swift; sourceTree = "<group>"; };
		89DEB8591FC44DF900A851B4 /* MessageCell.swift */ = {isa = PBXFileReference; lastKnownFileType = sourcecode.swift; path = MessageCell.swift; sourceTree = "<group>"; };
		89DEB85B1FC44F2A00A851B4 /* MessageLikesViewController.swift */ = {isa = PBXFileReference; lastKnownFileType = sourcecode.swift; path = MessageLikesViewController.swift; sourceTree = "<group>"; };
		89DEB85E1FC4643D00A851B4 /* LikesCollectionView.swift */ = {isa = PBXFileReference; lastKnownFileType = sourcecode.swift; path = LikesCollectionView.swift; sourceTree = "<group>"; };
		89DEB8601FC4652000A851B4 /* LikeCell.swift */ = {isa = PBXFileReference; lastKnownFileType = sourcecode.swift; path = LikeCell.swift; sourceTree = "<group>"; };
		89DEC6171FBDB7DA00BA851A /* InstructionViewController.swift */ = {isa = PBXFileReference; lastKnownFileType = sourcecode.swift; path = InstructionViewController.swift; sourceTree = "<group>"; };
		89DEC6191FBDBFF500BA851A /* NewFormViewController.swift */ = {isa = PBXFileReference; lastKnownFileType = sourcecode.swift; path = NewFormViewController.swift; sourceTree = "<group>"; };
		89DEC61B1FBDD8A100BA851A /* SettingsViewController.swift */ = {isa = PBXFileReference; lastKnownFileType = sourcecode.swift; path = SettingsViewController.swift; sourceTree = "<group>"; };
		89E33E411FBF690F00FA9065 /* ProgressLoader.swift */ = {isa = PBXFileReference; lastKnownFileType = sourcecode.swift; path = ProgressLoader.swift; sourceTree = "<group>"; };
		89F98E391FC1AB9D002F9F2E /* ImageEditorController.swift */ = {isa = PBXFileReference; lastKnownFileType = sourcecode.swift; path = ImageEditorController.swift; sourceTree = "<group>"; };
		89F98E3D1FC1B4E0002F9F2E /* StickerCell.swift */ = {isa = PBXFileReference; lastKnownFileType = sourcecode.swift; path = StickerCell.swift; sourceTree = "<group>"; };
		89FDB8291FBC5E9000FD32D3 /* UIExtensions.swift */ = {isa = PBXFileReference; lastKnownFileType = sourcecode.swift; path = UIExtensions.swift; sourceTree = "<group>"; };
		89FDB82C1FBC6F7600FD32D3 /* RegistrationViewController.swift */ = {isa = PBXFileReference; lastKnownFileType = sourcecode.swift; path = RegistrationViewController.swift; sourceTree = "<group>"; };
		921E8585D5B33144251E32C4 /* Pods-find_love.debug.xcconfig */ = {isa = PBXFileReference; includeInIndex = 1; lastKnownFileType = text.xcconfig; name = "Pods-find_love.debug.xcconfig"; path = "Pods/Target Support Files/Pods-find_love/Pods-find_love.debug.xcconfig"; sourceTree = "<group>"; };
/* End PBXFileReference section */

/* Begin PBXFrameworksBuildPhase section */
		8995D9711FBB7CE80015EF61 /* Frameworks */ = {
			isa = PBXFrameworksBuildPhase;
			buildActionMask = 2147483647;
			files = (
				10E86BECBCD02BA69BB0A4D8 /* Pods_find_love.framework in Frameworks */,
			);
			runOnlyForDeploymentPostprocessing = 0;
		};
		8995D9851FBB7CE80015EF61 /* Frameworks */ = {
			isa = PBXFrameworksBuildPhase;
			buildActionMask = 2147483647;
			files = (
			);
			runOnlyForDeploymentPostprocessing = 0;
		};
		8995D9901FBB7CE80015EF61 /* Frameworks */ = {
			isa = PBXFrameworksBuildPhase;
			buildActionMask = 2147483647;
			files = (
			);
			runOnlyForDeploymentPostprocessing = 0;
		};
/* End PBXFrameworksBuildPhase section */

/* Begin PBXGroup section */
		3C85220AAE7512632D587BF3 /* Pods */ = {
			isa = PBXGroup;
			children = (
				921E8585D5B33144251E32C4 /* Pods-find_love.debug.xcconfig */,
				64EA2A919A5EA48554196C02 /* Pods-find_love.release.xcconfig */,
			);
			name = Pods;
			sourceTree = "<group>";
		};
		56CE0FE7F7457467745EBA9C /* Frameworks */ = {
			isa = PBXGroup;
			children = (
				6A340B95D34C307AD6A53C92 /* Pods_find_love.framework */,
			);
			name = Frameworks;
			sourceTree = "<group>";
		};
		89629E611FC61371001B172C /* NewFormController */ = {
			isa = PBXGroup;
			children = (
				89DEC6191FBDBFF500BA851A /* NewFormViewController.swift */,
				89629E621FC613A4001B172C /* NewFormPresenter.swift */,
			);
			path = NewFormController;
			sourceTree = "<group>";
		};
		896C92BC1FC5A8BE00F70506 /* LoginController */ = {
			isa = PBXGroup;
			children = (
				8995D9791FBB7CE80015EF61 /* LoginViewController.swift */,
				896C92BD1FC5A8F200F70506 /* LoginPresenter.swift */,
			);
			path = LoginController;
			sourceTree = "<group>";
		};
		896C92BF1FC5BDDD00F70506 /* RegistrationController */ = {
			isa = PBXGroup;
			children = (
				89FDB82C1FBC6F7600FD32D3 /* RegistrationViewController.swift */,
				896C92C01FC5BDF800F70506 /* RegistrationPresenter.swift */,
			);
			path = RegistrationController;
			sourceTree = "<group>";
		};
		896D623E1FBCC57700E264E3 /* Clients */ = {
			isa = PBXGroup;
			children = (
				896D623F1FBCC58600E264E3 /* User.swift */,
				89629E641FC616DD001B172C /* City.swift */,
			);
			path = Clients;
			sourceTree = "<group>";
		};
		8995D96B1FBB7CE80015EF61 = {
			isa = PBXGroup;
			children = (
				8995D9761FBB7CE80015EF61 /* find_love */,
				8995D98B1FBB7CE80015EF61 /* find_loveTests */,
				8995D9961FBB7CE80015EF61 /* find_loveUITests */,
				8995D9751FBB7CE80015EF61 /* Products */,
				3C85220AAE7512632D587BF3 /* Pods */,
				56CE0FE7F7457467745EBA9C /* Frameworks */,
			);
			sourceTree = "<group>";
		};
		8995D9751FBB7CE80015EF61 /* Products */ = {
			isa = PBXGroup;
			children = (
				8995D9741FBB7CE80015EF61 /* find_love.app */,
				8995D9881FBB7CE80015EF61 /* find_loveTests.xctest */,
				8995D9931FBB7CE80015EF61 /* find_loveUITests.xctest */,
			);
			name = Products;
			sourceTree = "<group>";
		};
		8995D9761FBB7CE80015EF61 /* find_love */ = {
			isa = PBXGroup;
			children = (
				896D623E1FBCC57700E264E3 /* Clients */,
				89FDB82B1FBC6F3C00FD32D3 /* Pages */,
				89A1F3491FBC56A1002E870E /* Utility */,
				8995D9771FBB7CE80015EF61 /* AppDelegate.swift */,
				8995D97E1FBB7CE80015EF61 /* Assets.xcassets */,
				8995D9801FBB7CE80015EF61 /* LaunchScreen.storyboard */,
				8995D9831FBB7CE80015EF61 /* Info.plist */,
			);
			path = find_love;
			sourceTree = "<group>";
		};
		8995D98B1FBB7CE80015EF61 /* find_loveTests */ = {
			isa = PBXGroup;
			children = (
				8995D98C1FBB7CE80015EF61 /* find_loveTests.swift */,
				8995D98E1FBB7CE80015EF61 /* Info.plist */,
			);
			path = find_loveTests;
			sourceTree = "<group>";
		};
		8995D9961FBB7CE80015EF61 /* find_loveUITests */ = {
			isa = PBXGroup;
			children = (
				8995D9971FBB7CE80015EF61 /* find_loveUITests.swift */,
				8995D9991FBB7CE80015EF61 /* Info.plist */,
			);
			path = find_loveUITests;
			sourceTree = "<group>";
		};
		89A1F3491FBC56A1002E870E /* Utility */ = {
			isa = PBXGroup;
			children = (
				89A1F34C1FBC56DC002E870E /* ColorExtension.swift */,
				89FDB8291FBC5E9000FD32D3 /* UIExtensions.swift */,
				896D623C1FBCC00700E264E3 /* UnderlinedTextField.swift */,
				89BFDEAC1FBF23D2003F9601 /* CommonViewController.swift */,
				89E33E411FBF690F00FA9065 /* ProgressLoader.swift */,
			);
			path = Utility;
			sourceTree = "<group>";
		};
		89BB50C61FC30AF000F69FEE /* FormsList */ = {
			isa = PBXGroup;
			children = (
				89A42ECC1FC2D3D600B7C2F4 /* FormListViewController.swift */,
				8955E7FF1FC30EDE008AC8CA /* FormImagePage.swift */,
			);
			path = FormsList;
			sourceTree = "<group>";
		};
		89DEB8561FC44AF500A851B4 /* MessagesController */ = {
			isa = PBXGroup;
			children = (
				89DEB8571FC44B7C00A851B4 /* MessagesCollectionView.swift */,
				89DEB8591FC44DF900A851B4 /* MessageCell.swift */,
				89DEB85B1FC44F2A00A851B4 /* MessageLikesViewController.swift */,
				89DEB85E1FC4643D00A851B4 /* LikesCollectionView.swift */,
				89DEB8601FC4652000A851B4 /* LikeCell.swift */,
			);
			path = MessagesController;
			sourceTree = "<group>";
		};
		89F98E381FC1AB6A002F9F2E /* ImageEditor */ = {
			isa = PBXGroup;
			children = (
				89F98E391FC1AB9D002F9F2E /* ImageEditorController.swift */,
				89F98E3D1FC1B4E0002F9F2E /* StickerCell.swift */,
			);
			path = ImageEditor;
			sourceTree = "<group>";
		};
		89FDB82B1FBC6F3C00FD32D3 /* Pages */ = {
			isa = PBXGroup;
			children = (
				89629E611FC61371001B172C /* NewFormController */,
				896C92BF1FC5BDDD00F70506 /* RegistrationController */,
				896C92BC1FC5A8BE00F70506 /* LoginController */,
				89DEB8561FC44AF500A851B4 /* MessagesController */,
				89BB50C61FC30AF000F69FEE /* FormsList */,
				89F98E381FC1AB6A002F9F2E /* ImageEditor */,
				896D62411FBCD78B00E264E3 /* RulesViewController.swift */,
				89DEC6171FBDB7DA00BA851A /* InstructionViewController.swift */,
				89DEC61B1FBDD8A100BA851A /* SettingsViewController.swift */,
				89BFDEAA1FBF08FB003F9601 /* TermsOfUseViewController.swift */,
			);
			path = Pages;
			sourceTree = "<group>";
		};
/* End PBXGroup section */

/* Begin PBXNativeTarget section */
		8995D9731FBB7CE80015EF61 /* find_love */ = {
			isa = PBXNativeTarget;
			buildConfigurationList = 8995D99C1FBB7CE80015EF61 /* Build configuration list for PBXNativeTarget "find_love" */;
			buildPhases = (
				C0AB5AEB92B2E0CD8077541E /* [CP] Check Pods Manifest.lock */,
				8995D9701FBB7CE80015EF61 /* Sources */,
				8995D9711FBB7CE80015EF61 /* Frameworks */,
				8995D9721FBB7CE80015EF61 /* Resources */,
				F37FFEB5B11C647493CCE82D /* [CP] Embed Pods Frameworks */,
				7A882F29FC798B39E2E643AF /* [CP] Copy Pods Resources */,
			);
			buildRules = (
			);
			dependencies = (
			);
			name = find_love;
			productName = find_love;
			productReference = 8995D9741FBB7CE80015EF61 /* find_love.app */;
			productType = "com.apple.product-type.application";
		};
		8995D9871FBB7CE80015EF61 /* find_loveTests */ = {
			isa = PBXNativeTarget;
			buildConfigurationList = 8995D99F1FBB7CE80015EF61 /* Build configuration list for PBXNativeTarget "find_loveTests" */;
			buildPhases = (
				8995D9841FBB7CE80015EF61 /* Sources */,
				8995D9851FBB7CE80015EF61 /* Frameworks */,
				8995D9861FBB7CE80015EF61 /* Resources */,
			);
			buildRules = (
			);
			dependencies = (
				8995D98A1FBB7CE80015EF61 /* PBXTargetDependency */,
			);
			name = find_loveTests;
			productName = find_loveTests;
			productReference = 8995D9881FBB7CE80015EF61 /* find_loveTests.xctest */;
			productType = "com.apple.product-type.bundle.unit-test";
		};
		8995D9921FBB7CE80015EF61 /* find_loveUITests */ = {
			isa = PBXNativeTarget;
			buildConfigurationList = 8995D9A21FBB7CE80015EF61 /* Build configuration list for PBXNativeTarget "find_loveUITests" */;
			buildPhases = (
				8995D98F1FBB7CE80015EF61 /* Sources */,
				8995D9901FBB7CE80015EF61 /* Frameworks */,
				8995D9911FBB7CE80015EF61 /* Resources */,
			);
			buildRules = (
			);
			dependencies = (
				8995D9951FBB7CE80015EF61 /* PBXTargetDependency */,
			);
			name = find_loveUITests;
			productName = find_loveUITests;
			productReference = 8995D9931FBB7CE80015EF61 /* find_loveUITests.xctest */;
			productType = "com.apple.product-type.bundle.ui-testing";
		};
/* End PBXNativeTarget section */

/* Begin PBXProject section */
		8995D96C1FBB7CE80015EF61 /* Project object */ = {
			isa = PBXProject;
			attributes = {
				LastSwiftUpdateCheck = 0910;
				LastUpgradeCheck = 0910;
				ORGANIZATIONNAME = Chloe;
				TargetAttributes = {
					8995D9731FBB7CE80015EF61 = {
						CreatedOnToolsVersion = 9.1;
						ProvisioningStyle = Automatic;
					};
					8995D9871FBB7CE80015EF61 = {
						CreatedOnToolsVersion = 9.1;
						ProvisioningStyle = Automatic;
						TestTargetID = 8995D9731FBB7CE80015EF61;
					};
					8995D9921FBB7CE80015EF61 = {
						CreatedOnToolsVersion = 9.1;
						ProvisioningStyle = Automatic;
						TestTargetID = 8995D9731FBB7CE80015EF61;
					};
				};
			};
			buildConfigurationList = 8995D96F1FBB7CE80015EF61 /* Build configuration list for PBXProject "find_love" */;
			compatibilityVersion = "Xcode 8.0";
			developmentRegion = en;
			hasScannedForEncodings = 0;
			knownRegions = (
				en,
				Base,
			);
			mainGroup = 8995D96B1FBB7CE80015EF61;
			productRefGroup = 8995D9751FBB7CE80015EF61 /* Products */;
			projectDirPath = "";
			projectRoot = "";
			targets = (
				8995D9731FBB7CE80015EF61 /* find_love */,
				8995D9871FBB7CE80015EF61 /* find_loveTests */,
				8995D9921FBB7CE80015EF61 /* find_loveUITests */,
			);
		};
/* End PBXProject section */

/* Begin PBXResourcesBuildPhase section */
		8995D9721FBB7CE80015EF61 /* Resources */ = {
			isa = PBXResourcesBuildPhase;
			buildActionMask = 2147483647;
			files = (
				8995D9821FBB7CE80015EF61 /* LaunchScreen.storyboard in Resources */,
				8995D97F1FBB7CE80015EF61 /* Assets.xcassets in Resources */,
			);
			runOnlyForDeploymentPostprocessing = 0;
		};
		8995D9861FBB7CE80015EF61 /* Resources */ = {
			isa = PBXResourcesBuildPhase;
			buildActionMask = 2147483647;
			files = (
			);
			runOnlyForDeploymentPostprocessing = 0;
		};
		8995D9911FBB7CE80015EF61 /* Resources */ = {
			isa = PBXResourcesBuildPhase;
			buildActionMask = 2147483647;
			files = (
			);
			runOnlyForDeploymentPostprocessing = 0;
		};
/* End PBXResourcesBuildPhase section */

/* Begin PBXShellScriptBuildPhase section */
		7A882F29FC798B39E2E643AF /* [CP] Copy Pods Resources */ = {
			isa = PBXShellScriptBuildPhase;
			buildActionMask = 2147483647;
			files = (
			);
			inputPaths = (
			);
			name = "[CP] Copy Pods Resources";
			outputPaths = (
			);
			runOnlyForDeploymentPostprocessing = 0;
			shellPath = /bin/sh;
			shellScript = "\"${SRCROOT}/Pods/Target Support Files/Pods-find_love/Pods-find_love-resources.sh\"\n";
			showEnvVarsInLog = 0;
		};
		C0AB5AEB92B2E0CD8077541E /* [CP] Check Pods Manifest.lock */ = {
			isa = PBXShellScriptBuildPhase;
			buildActionMask = 2147483647;
			files = (
			);
			inputPaths = (
				"${PODS_PODFILE_DIR_PATH}/Podfile.lock",
				"${PODS_ROOT}/Manifest.lock",
			);
			name = "[CP] Check Pods Manifest.lock";
			outputPaths = (
				"$(DERIVED_FILE_DIR)/Pods-find_love-checkManifestLockResult.txt",
			);
			runOnlyForDeploymentPostprocessing = 0;
			shellPath = /bin/sh;
			shellScript = "diff \"${PODS_PODFILE_DIR_PATH}/Podfile.lock\" \"${PODS_ROOT}/Manifest.lock\" > /dev/null\nif [ $? != 0 ] ; then\n    # print error to STDERR\n    echo \"error: The sandbox is not in sync with the Podfile.lock. Run 'pod install' or update your CocoaPods installation.\" >&2\n    exit 1\nfi\n# This output is used by Xcode 'outputs' to avoid re-running this script phase.\necho \"SUCCESS\" > \"${SCRIPT_OUTPUT_FILE_0}\"\n";
			showEnvVarsInLog = 0;
		};
		F37FFEB5B11C647493CCE82D /* [CP] Embed Pods Frameworks */ = {
			isa = PBXShellScriptBuildPhase;
			buildActionMask = 2147483647;
			files = (
			);
			inputPaths = (
				"${SRCROOT}/Pods/Target Support Files/Pods-find_love/Pods-find_love-frameworks.sh",
				"${BUILT_PRODUCTS_DIR}/Alamofire/Alamofire.framework",
				"${BUILT_PRODUCTS_DIR}/DynamicStickers/DynamicStickers.framework",
				"${BUILT_PRODUCTS_DIR}/PagingMenuController/PagingMenuController.framework",
				"${BUILT_PRODUCTS_DIR}/SCPageViewController/SCPageViewController.framework",
				"${BUILT_PRODUCTS_DIR}/SCScrollView/SCScrollView.framework",
				"${BUILT_PRODUCTS_DIR}/SearchTextField/SearchTextField.framework",
				"${BUILT_PRODUCTS_DIR}/SwiftyJSON/SwiftyJSON.framework",
				"${BUILT_PRODUCTS_DIR}/UIView+Shake/UIView_Shake.framework",
			);
			name = "[CP] Embed Pods Frameworks";
			outputPaths = (
				"${TARGET_BUILD_DIR}/${FRAMEWORKS_FOLDER_PATH}/Alamofire.framework",
				"${TARGET_BUILD_DIR}/${FRAMEWORKS_FOLDER_PATH}/DynamicStickers.framework",
				"${TARGET_BUILD_DIR}/${FRAMEWORKS_FOLDER_PATH}/PagingMenuController.framework",
				"${TARGET_BUILD_DIR}/${FRAMEWORKS_FOLDER_PATH}/SCPageViewController.framework",
				"${TARGET_BUILD_DIR}/${FRAMEWORKS_FOLDER_PATH}/SCScrollView.framework",
				"${TARGET_BUILD_DIR}/${FRAMEWORKS_FOLDER_PATH}/SearchTextField.framework",
				"${TARGET_BUILD_DIR}/${FRAMEWORKS_FOLDER_PATH}/SwiftyJSON.framework",
				"${TARGET_BUILD_DIR}/${FRAMEWORKS_FOLDER_PATH}/UIView_Shake.framework",
			);
			runOnlyForDeploymentPostprocessing = 0;
			shellPath = /bin/sh;
			shellScript = "\"${SRCROOT}/Pods/Target Support Files/Pods-find_love/Pods-find_love-frameworks.sh\"\n";
			showEnvVarsInLog = 0;
		};
/* End PBXShellScriptBuildPhase section */

/* Begin PBXSourcesBuildPhase section */
		8995D9701FBB7CE80015EF61 /* Sources */ = {
			isa = PBXSourcesBuildPhase;
			buildActionMask = 2147483647;
			files = (
				896C92BE1FC5A8F200F70506 /* LoginPresenter.swift in Sources */,
				89629E631FC613A4001B172C /* NewFormPresenter.swift in Sources */,
				89629E651FC616DD001B172C /* City.swift in Sources */,
				89A1F34D1FBC56DC002E870E /* ColorExtension.swift in Sources */,
				89DEB85A1FC44DF900A851B4 /* MessageCell.swift in Sources */,
				896D623D1FBCC00700E264E3 /* UnderlinedTextField.swift in Sources */,
				8955E8001FC30EDE008AC8CA /* FormImagePage.swift in Sources */,
				89DEB8581FC44B7C00A851B4 /* MessagesCollectionView.swift in Sources */,
				89A42ECD1FC2D3D600B7C2F4 /* FormListViewController.swift in Sources */,
				89DEC61C1FBDD8A100BA851A /* SettingsViewController.swift in Sources */,
				89E33E421FBF690F00FA9065 /* ProgressLoader.swift in Sources */,
				8995D97A1FBB7CE80015EF61 /* LoginViewController.swift in Sources */,
				89BFDEAD1FBF23D2003F9601 /* CommonViewController.swift in Sources */,
				89DEC6181FBDB7DA00BA851A /* InstructionViewController.swift in Sources */,
				89DEB85C1FC44F2A00A851B4 /* MessageLikesViewController.swift in Sources */,
				8995D9781FBB7CE80015EF61 /* AppDelegate.swift in Sources */,
				89FDB82A1FBC5E9000FD32D3 /* UIExtensions.swift in Sources */,
				89FDB82D1FBC6F7600FD32D3 /* RegistrationViewController.swift in Sources */,
				89F98E3A1FC1AB9D002F9F2E /* ImageEditorController.swift in Sources */,
				896D62421FBCD78B00E264E3 /* RulesViewController.swift in Sources */,
				89F98E3E1FC1B4E0002F9F2E /* StickerCell.swift in Sources */,
				89BFDEAB1FBF08FB003F9601 /* TermsOfUseViewController.swift in Sources */,
				89DEB8611FC4652000A851B4 /* LikeCell.swift in Sources */,
				896C92C11FC5BDF800F70506 /* RegistrationPresenter.swift in Sources */,
				896D62401FBCC58600E264E3 /* User.swift in Sources */,
				89DEC61A1FBDBFF500BA851A /* NewFormViewController.swift in Sources */,
				89DEB85F1FC4643D00A851B4 /* LikesCollectionView.swift in Sources */,
			);
			runOnlyForDeploymentPostprocessing = 0;
		};
		8995D9841FBB7CE80015EF61 /* Sources */ = {
			isa = PBXSourcesBuildPhase;
			buildActionMask = 2147483647;
			files = (
				8995D98D1FBB7CE80015EF61 /* find_loveTests.swift in Sources */,
			);
			runOnlyForDeploymentPostprocessing = 0;
		};
		8995D98F1FBB7CE80015EF61 /* Sources */ = {
			isa = PBXSourcesBuildPhase;
			buildActionMask = 2147483647;
			files = (
				8995D9981FBB7CE80015EF61 /* find_loveUITests.swift in Sources */,
			);
			runOnlyForDeploymentPostprocessing = 0;
		};
/* End PBXSourcesBuildPhase section */

/* Begin PBXTargetDependency section */
		8995D98A1FBB7CE80015EF61 /* PBXTargetDependency */ = {
			isa = PBXTargetDependency;
			target = 8995D9731FBB7CE80015EF61 /* find_love */;
			targetProxy = 8995D9891FBB7CE80015EF61 /* PBXContainerItemProxy */;
		};
		8995D9951FBB7CE80015EF61 /* PBXTargetDependency */ = {
			isa = PBXTargetDependency;
			target = 8995D9731FBB7CE80015EF61 /* find_love */;
			targetProxy = 8995D9941FBB7CE80015EF61 /* PBXContainerItemProxy */;
		};
/* End PBXTargetDependency section */

/* Begin PBXVariantGroup section */
		8995D9801FBB7CE80015EF61 /* LaunchScreen.storyboard */ = {
			isa = PBXVariantGroup;
			children = (
				8995D9811FBB7CE80015EF61 /* Base */,
			);
			name = LaunchScreen.storyboard;
			sourceTree = "<group>";
		};
/* End PBXVariantGroup section */

/* Begin XCBuildConfiguration section */
		8995D99A1FBB7CE80015EF61 /* Debug */ = {
			isa = XCBuildConfiguration;
			buildSettings = {
				ALWAYS_SEARCH_USER_PATHS = NO;
				CLANG_ANALYZER_NONNULL = YES;
				CLANG_ANALYZER_NUMBER_OBJECT_CONVERSION = YES_AGGRESSIVE;
				CLANG_CXX_LANGUAGE_STANDARD = "gnu++14";
				CLANG_CXX_LIBRARY = "libc++";
				CLANG_ENABLE_MODULES = YES;
				CLANG_ENABLE_OBJC_ARC = YES;
				CLANG_WARN_BLOCK_CAPTURE_AUTORELEASING = YES;
				CLANG_WARN_BOOL_CONVERSION = YES;
				CLANG_WARN_COMMA = YES;
				CLANG_WARN_CONSTANT_CONVERSION = YES;
				CLANG_WARN_DIRECT_OBJC_ISA_USAGE = YES_ERROR;
				CLANG_WARN_DOCUMENTATION_COMMENTS = YES;
				CLANG_WARN_EMPTY_BODY = YES;
				CLANG_WARN_ENUM_CONVERSION = YES;
				CLANG_WARN_INFINITE_RECURSION = YES;
				CLANG_WARN_INT_CONVERSION = YES;
				CLANG_WARN_NON_LITERAL_NULL_CONVERSION = YES;
				CLANG_WARN_OBJC_LITERAL_CONVERSION = YES;
				CLANG_WARN_OBJC_ROOT_CLASS = YES_ERROR;
				CLANG_WARN_RANGE_LOOP_ANALYSIS = YES;
				CLANG_WARN_STRICT_PROTOTYPES = YES;
				CLANG_WARN_SUSPICIOUS_MOVE = YES;
				CLANG_WARN_UNGUARDED_AVAILABILITY = YES_AGGRESSIVE;
				CLANG_WARN_UNREACHABLE_CODE = YES;
				CLANG_WARN__DUPLICATE_METHOD_MATCH = YES;
				CODE_SIGN_IDENTITY = "iPhone Developer";
				COPY_PHASE_STRIP = NO;
				DEBUG_INFORMATION_FORMAT = dwarf;
				ENABLE_STRICT_OBJC_MSGSEND = YES;
				ENABLE_TESTABILITY = YES;
				GCC_C_LANGUAGE_STANDARD = gnu11;
				GCC_DYNAMIC_NO_PIC = NO;
				GCC_NO_COMMON_BLOCKS = YES;
				GCC_OPTIMIZATION_LEVEL = 0;
				GCC_PREPROCESSOR_DEFINITIONS = (
					"DEBUG=1",
					"$(inherited)",
				);
				GCC_WARN_64_TO_32_BIT_CONVERSION = YES;
				GCC_WARN_ABOUT_RETURN_TYPE = YES_ERROR;
				GCC_WARN_UNDECLARED_SELECTOR = YES;
				GCC_WARN_UNINITIALIZED_AUTOS = YES_AGGRESSIVE;
				GCC_WARN_UNUSED_FUNCTION = YES;
				GCC_WARN_UNUSED_VARIABLE = YES;
				IPHONEOS_DEPLOYMENT_TARGET = 11.1;
				MTL_ENABLE_DEBUG_INFO = YES;
				ONLY_ACTIVE_ARCH = YES;
				SDKROOT = iphoneos;
				SWIFT_ACTIVE_COMPILATION_CONDITIONS = DEBUG;
				SWIFT_OPTIMIZATION_LEVEL = "-Onone";
			};
			name = Debug;
		};
		8995D99B1FBB7CE80015EF61 /* Release */ = {
			isa = XCBuildConfiguration;
			buildSettings = {
				ALWAYS_SEARCH_USER_PATHS = NO;
				CLANG_ANALYZER_NONNULL = YES;
				CLANG_ANALYZER_NUMBER_OBJECT_CONVERSION = YES_AGGRESSIVE;
				CLANG_CXX_LANGUAGE_STANDARD = "gnu++14";
				CLANG_CXX_LIBRARY = "libc++";
				CLANG_ENABLE_MODULES = YES;
				CLANG_ENABLE_OBJC_ARC = YES;
				CLANG_WARN_BLOCK_CAPTURE_AUTORELEASING = YES;
				CLANG_WARN_BOOL_CONVERSION = YES;
				CLANG_WARN_COMMA = YES;
				CLANG_WARN_CONSTANT_CONVERSION = YES;
				CLANG_WARN_DIRECT_OBJC_ISA_USAGE = YES_ERROR;
				CLANG_WARN_DOCUMENTATION_COMMENTS = YES;
				CLANG_WARN_EMPTY_BODY = YES;
				CLANG_WARN_ENUM_CONVERSION = YES;
				CLANG_WARN_INFINITE_RECURSION = YES;
				CLANG_WARN_INT_CONVERSION = YES;
				CLANG_WARN_NON_LITERAL_NULL_CONVERSION = YES;
				CLANG_WARN_OBJC_LITERAL_CONVERSION = YES;
				CLANG_WARN_OBJC_ROOT_CLASS = YES_ERROR;
				CLANG_WARN_RANGE_LOOP_ANALYSIS = YES;
				CLANG_WARN_STRICT_PROTOTYPES = YES;
				CLANG_WARN_SUSPICIOUS_MOVE = YES;
				CLANG_WARN_UNGUARDED_AVAILABILITY = YES_AGGRESSIVE;
				CLANG_WARN_UNREACHABLE_CODE = YES;
				CLANG_WARN__DUPLICATE_METHOD_MATCH = YES;
				CODE_SIGN_IDENTITY = "iPhone Developer";
				COPY_PHASE_STRIP = NO;
				DEBUG_INFORMATION_FORMAT = "dwarf-with-dsym";
				ENABLE_NS_ASSERTIONS = NO;
				ENABLE_STRICT_OBJC_MSGSEND = YES;
				GCC_C_LANGUAGE_STANDARD = gnu11;
				GCC_NO_COMMON_BLOCKS = YES;
				GCC_WARN_64_TO_32_BIT_CONVERSION = YES;
				GCC_WARN_ABOUT_RETURN_TYPE = YES_ERROR;
				GCC_WARN_UNDECLARED_SELECTOR = YES;
				GCC_WARN_UNINITIALIZED_AUTOS = YES_AGGRESSIVE;
				GCC_WARN_UNUSED_FUNCTION = YES;
				GCC_WARN_UNUSED_VARIABLE = YES;
				IPHONEOS_DEPLOYMENT_TARGET = 11.1;
				MTL_ENABLE_DEBUG_INFO = NO;
				SDKROOT = iphoneos;
				SWIFT_OPTIMIZATION_LEVEL = "-Owholemodule";
				VALIDATE_PRODUCT = YES;
			};
			name = Release;
		};
		8995D99D1FBB7CE80015EF61 /* Debug */ = {
			isa = XCBuildConfiguration;
			baseConfigurationReference = 921E8585D5B33144251E32C4 /* Pods-find_love.debug.xcconfig */;
			buildSettings = {
				ASSETCATALOG_COMPILER_APPICON_NAME = AppIcon;
				CODE_SIGN_STYLE = Automatic;
				INFOPLIST_FILE = find_love/Info.plist;
				IPHONEOS_DEPLOYMENT_TARGET = 9.0;
				LD_RUNPATH_SEARCH_PATHS = "$(inherited) @executable_path/Frameworks";
				PRODUCT_BUNDLE_IDENTIFIER = "sunstory.find-love";
				PRODUCT_NAME = "$(TARGET_NAME)";
				SWIFT_VERSION = 4.0;
				TARGETED_DEVICE_FAMILY = "1,2";
			};
			name = Debug;
		};
		8995D99E1FBB7CE80015EF61 /* Release */ = {
			isa = XCBuildConfiguration;
			baseConfigurationReference = 64EA2A919A5EA48554196C02 /* Pods-find_love.release.xcconfig */;
			buildSettings = {
				ASSETCATALOG_COMPILER_APPICON_NAME = AppIcon;
				CODE_SIGN_STYLE = Automatic;
				INFOPLIST_FILE = find_love/Info.plist;
				IPHONEOS_DEPLOYMENT_TARGET = 9.0;
				LD_RUNPATH_SEARCH_PATHS = "$(inherited) @executable_path/Frameworks";
				PRODUCT_BUNDLE_IDENTIFIER = "sunstory.find-love";
				PRODUCT_NAME = "$(TARGET_NAME)";
				SWIFT_VERSION = 4.0;
				TARGETED_DEVICE_FAMILY = "1,2";
			};
			name = Release;
		};
		8995D9A01FBB7CE80015EF61 /* Debug */ = {
			isa = XCBuildConfiguration;
			buildSettings = {
				ALWAYS_EMBED_SWIFT_STANDARD_LIBRARIES = YES;
				BUNDLE_LOADER = "$(TEST_HOST)";
				CODE_SIGN_STYLE = Automatic;
				INFOPLIST_FILE = find_loveTests/Info.plist;
				LD_RUNPATH_SEARCH_PATHS = "$(inherited) @executable_path/Frameworks @loader_path/Frameworks";
				PRODUCT_BUNDLE_IDENTIFIER = "sunstory.find-loveTests";
				PRODUCT_NAME = "$(TARGET_NAME)";
				SWIFT_VERSION = 4.0;
				TARGETED_DEVICE_FAMILY = "1,2";
				TEST_HOST = "$(BUILT_PRODUCTS_DIR)/find_love.app/find_love";
			};
			name = Debug;
		};
		8995D9A11FBB7CE80015EF61 /* Release */ = {
			isa = XCBuildConfiguration;
			buildSettings = {
				ALWAYS_EMBED_SWIFT_STANDARD_LIBRARIES = YES;
				BUNDLE_LOADER = "$(TEST_HOST)";
				CODE_SIGN_STYLE = Automatic;
				INFOPLIST_FILE = find_loveTests/Info.plist;
				LD_RUNPATH_SEARCH_PATHS = "$(inherited) @executable_path/Frameworks @loader_path/Frameworks";
				PRODUCT_BUNDLE_IDENTIFIER = "sunstory.find-loveTests";
				PRODUCT_NAME = "$(TARGET_NAME)";
				SWIFT_VERSION = 4.0;
				TARGETED_DEVICE_FAMILY = "1,2";
				TEST_HOST = "$(BUILT_PRODUCTS_DIR)/find_love.app/find_love";
			};
			name = Release;
		};
		8995D9A31FBB7CE80015EF61 /* Debug */ = {
			isa = XCBuildConfiguration;
			buildSettings = {
				ALWAYS_EMBED_SWIFT_STANDARD_LIBRARIES = YES;
				CODE_SIGN_STYLE = Automatic;
				INFOPLIST_FILE = find_loveUITests/Info.plist;
				LD_RUNPATH_SEARCH_PATHS = "$(inherited) @executable_path/Frameworks @loader_path/Frameworks";
				PRODUCT_BUNDLE_IDENTIFIER = "sunstory.find-loveUITests";
				PRODUCT_NAME = "$(TARGET_NAME)";
				SWIFT_VERSION = 4.0;
				TARGETED_DEVICE_FAMILY = "1,2";
				TEST_TARGET_NAME = find_love;
			};
			name = Debug;
		};
		8995D9A41FBB7CE80015EF61 /* Release */ = {
			isa = XCBuildConfiguration;
			buildSettings = {
				ALWAYS_EMBED_SWIFT_STANDARD_LIBRARIES = YES;
				CODE_SIGN_STYLE = Automatic;
				INFOPLIST_FILE = find_loveUITests/Info.plist;
				LD_RUNPATH_SEARCH_PATHS = "$(inherited) @executable_path/Frameworks @loader_path/Frameworks";
				PRODUCT_BUNDLE_IDENTIFIER = "sunstory.find-loveUITests";
				PRODUCT_NAME = "$(TARGET_NAME)";
				SWIFT_VERSION = 4.0;
				TARGETED_DEVICE_FAMILY = "1,2";
				TEST_TARGET_NAME = find_love;
			};
			name = Release;
		};
/* End XCBuildConfiguration section */

/* Begin XCConfigurationList section */
		8995D96F1FBB7CE80015EF61 /* Build configuration list for PBXProject "find_love" */ = {
			isa = XCConfigurationList;
			buildConfigurations = (
				8995D99A1FBB7CE80015EF61 /* Debug */,
				8995D99B1FBB7CE80015EF61 /* Release */,
			);
			defaultConfigurationIsVisible = 0;
			defaultConfigurationName = Release;
		};
		8995D99C1FBB7CE80015EF61 /* Build configuration list for PBXNativeTarget "find_love" */ = {
			isa = XCConfigurationList;
			buildConfigurations = (
				8995D99D1FBB7CE80015EF61 /* Debug */,
				8995D99E1FBB7CE80015EF61 /* Release */,
			);
			defaultConfigurationIsVisible = 0;
			defaultConfigurationName = Release;
		};
		8995D99F1FBB7CE80015EF61 /* Build configuration list for PBXNativeTarget "find_loveTests" */ = {
			isa = XCConfigurationList;
			buildConfigurations = (
				8995D9A01FBB7CE80015EF61 /* Debug */,
				8995D9A11FBB7CE80015EF61 /* Release */,
			);
			defaultConfigurationIsVisible = 0;
			defaultConfigurationName = Release;
		};
		8995D9A21FBB7CE80015EF61 /* Build configuration list for PBXNativeTarget "find_loveUITests" */ = {
			isa = XCConfigurationList;
			buildConfigurations = (
				8995D9A31FBB7CE80015EF61 /* Debug */,
				8995D9A41FBB7CE80015EF61 /* Release */,
			);
			defaultConfigurationIsVisible = 0;
			defaultConfigurationName = Release;
		};
/* End XCConfigurationList section */
	};
	rootObject = 8995D96C1FBB7CE80015EF61 /* Project object */;
}
